# This file is machine-generated by `gh actions-lock`.
# Do not edit by hand; run `gh actions-lock` to update.
# Docs: https://gh.io/actions-lockfile
version: 'v0.0.2'
workflows:
    '.github/workflows/ci.yml':
        - 'actions/checkout@v7.0.1'
        - 'actions/setup-python@v7.0.0'
        - 'lowlydba/are-we-good@v1.0.4'
        - 'opentofu/setup-opentofu@v2.0.2'
        - 'zizmorcore/zizmor-action@v0.6.2'
    '.github/workflows/demo.yml':
        - 'actions/checkout@v7.0.1'
        - 'opentofu/setup-opentofu@v2.0.2'
dependencies:
    'actions/checkout@v7.0.1':
        ref: 'v7.0.1'
        commit: 'sha1-3d3c42e5aac5ba805825da76410c181273ba90b1'
        owner_id: 44036562
        repo_id: 197814629
    'actions/setup-python@v7.0.0':
        ref: 'v7.0.0'
        commit: 'sha1-5fda3b95a4ea91299a34e894583c3862153e4b97'
        owner_id: 44036562
        repo_id: 192625525
    'github/codeql-action@7188fc363630916deb702c7fdcf4e481b751f97a':
        ref: 'v4.37.1'
        commit: 'sha1-7188fc363630916deb702c7fdcf4e481b751f97a'
        owner_id: 9919
        repo_id: 259445878
    'lowlydba/are-we-good@v1.0.4':
        ref: 'v1.0.4'
        commit: 'sha1-4b62765391e357e78d0572113ab8b1c7d6b8d12a'
        owner_id: 16843041
        repo_id: 1199954652
    'opentofu/setup-opentofu@v2.0.2':
        ref: 'v2.0.2'
        commit: 'sha1-a1320f892987e89d278cc92dc5adc984fb93aca4'
        owner_id: 142061836
        repo_id: 696284666
    'zizmorcore/zizmor-action@v0.6.2':
        ref: 'v0.6.2'
        commit: 'sha1-3dc1ecc9bcb9e94e9b2c709687979e1298497054'
        owner_id: 210636713
        repo_id: 985558803
        uses:
            - 'github/codeql-action@7188fc363630916deb702c7fdcf4e481b751f97a'
